# THIS IS AN AUTOGENERATED FILE. DO NOT EDIT THIS FILE DIRECTLY.
# yarn lockfile v1


"bcryptjs@^2.4.3":
  "integrity" "sha512-V/Hy/X9Vt7f3BbPJEi8BdVFMByHi+jNXrYkW3huaybV/kQ0KJg0Y6PkEMbn+zeT+i+SiKZ/HMqJGIIt4LZDqNQ=="
  "resolved" "https://registry.npmjs.org/bcryptjs/-/bcryptjs-2.4.3.tgz"
  "version" "2.4.3"
